hash: 6b802fe2b8372d8414a4c139d30f976d8a8460cb42b4fca5959a8edb7e1d787f
updated: 2017-07-19T16:49:30.567639193Z
imports:
- name: github.com/blang/semver
  version: b38d23b8782a487059e8fc8773e9a5b228a77cb6
- name: github.com/davecgh/go-spew
  version: 5215b55f46b2b919f50a1df0eaa5886afe4e3b3d
  subpackages:
  - spew
- name: github.com/docker/docker
  version: a8a31eff10544860d2188dddabdee4d727545796
  subpackages:
  - pkg/term
- name: github.com/docker/go-units
  version: 0dadbb0345b35ec7ef35e228dabb8de89a65bf52
- name: github.com/docker/machine
  version: 07d63b6ff555ddec6f0458c5a4af3cc711aea75d
  subpackages:
  - commands/mcndirs
  - drivers/errdriver
  - drivers/hyperv
  - drivers/none
  - drivers/virtualbox
  - drivers/vmwarefusion
  - libmachine
  - libmachine/auth
  - libmachine/cert
  - libmachine/check
  - libmachine/drivers
  - libmachine/drivers/plugin
  - libmachine/drivers/plugin/localbinary
  - libmachine/drivers/rpc
  - libmachine/engine
  - libmachine/host
  - libmachine/log
  - libmachine/mcndockerclient
  - libmachine/mcnerror
  - libmachine/mcnflag
  - libmachine/mcnutils
  - libmachine/persist
  - libmachine/provision
  - libmachine/provision/pkgaction
  - libmachine/provision/serviceaction
  - libmachine/ssh
  - libmachine/state
  - libmachine/swarm
  - libmachine/version
  - libmachine/versioncmp
  - version
- name: github.com/emicklei/go-restful
  version: ff4f55a206334ef123e4f79bbf348980da81ca46
  subpackages:
  - log
- name: github.com/emicklei/go-restful-swagger12
  version: dcef7f55730566d41eae5db10e7d6981829720f6
- name: github.com/fsnotify/fsnotify
  version: 4da3e2cfbabc9f751898f250b49f2439785783a1
- name: github.com/ghodss/yaml
  version: 73d445a93680fa1a78ae23a5839bad48f32ba1ee
- name: github.com/gholt/blackfridaytext
  version: b10b9c02cdcb39c8b0664db48307b0b5bb9be4af
- name: github.com/gholt/brimtext
  version: d78eb0e6e7856495f8c4df0af34e78c91c8adc39
- name: github.com/go-openapi/jsonpointer
  version: 46af16f9f7b149af66e5d1bd010e3574dc06de98
- name: github.com/go-openapi/jsonreference
  version: 13c6e3589ad90f49bd3e3bbe2c2cb3d7a4142272
- name: github.com/go-openapi/spec
  version: 6aced65f8501fe1217321abf0749d354824ba2ff
- name: github.com/go-openapi/swag
  version: 1d0bd113de87027671077d3c71eb3ac5d7dbba72
- name: github.com/gogo/protobuf
  version: c0656edd0d9eab7c66d1eb0c568f9039345796f7
  subpackages:
  - gogoproto
  - proto
  - protoc-gen-gogo/descriptor
  - sortkeys
- name: github.com/golang/glog
  version: 23def4e6c14b4da8ac2ed8007337bc5eb5007998
- name: github.com/golang/protobuf
  version: 3c84672111d91bb5ac31719e112f9f7126a0e26e
  subpackages:
  - proto
  - ptypes
  - ptypes/any
  - ptypes/duration
  - ptypes/timestamp
- name: github.com/google/gofuzz
  version: 44d81051d367757e1c7c6a5a86423ece9afcf63c
- name: github.com/googleapis/gnostic
  version: 68f4ded48ba9414dab2ae69b3f0d69971da73aa5
  subpackages:
  - OpenAPIv2
  - compiler
  - extensions
- name: github.com/hashicorp/errwrap
  version: 7554cd9344cec97297fa6649b055a8c98c2a1e55
- name: github.com/hashicorp/go-multierror
  version: 8c5f0ad9360406a3807ce7de6bc73269a91a6e51
- name: github.com/hashicorp/hcl
  version: d8c773c4cba11b11539e3d45f93daeaa5dcf1fa1
  subpackages:
  - hcl/ast
  - hcl/parser
  - hcl/scanner
  - hcl/strconv
  - hcl/token
  - json/parser
  - json/scanner
  - json/token
- name: github.com/howeyc/gopass
  version: bf9dde6d0d2c004a008c27aaee91170c786f6db8
- name: github.com/imdario/mergo
  version: 6633656539c1639d9d78127b7d47c622b5d7b6dc
- name: github.com/inconshreveable/mousetrap
  version: 76626ae9c91c4f2a10f34cad8ce83ea42c93bb75
- name: github.com/jimmidyson/go-download
  version: 7f9a90c8c95bee1bb7de9e72c682c67c8bf5546d
- name: github.com/juju/ratelimit
  version: 5b9ff866471762aa2ab2dced63c9fb6f53921342
- name: github.com/magiconair/properties
  version: be5ece7dd465ab0765a9682137865547526d1dfb
- name: github.com/mailru/easyjson
  version: d5b7844b561a7bc640052f1b935f7b800330d7e0
  subpackages:
  - buffer
  - jlexer
  - jwriter
- name: github.com/mattn/go-runewidth
  version: 97311d9f7767e3d6f422ea06661bc2c7a19e8a5d
- name: github.com/mitchellh/mapstructure
  version: 740c764bc6149d3f1806231418adb9f52c11bcbf
- name: github.com/olekukonko/tablewriter
  version: be5337e7b39e64e5f91445ce7e721888dbab7387
- name: github.com/pelletier/go-toml
  version: 69d355db5304c0f7f809a2edc054553e7142f016
- name: github.com/pkg/browser
  version: 9302be274faad99162b9d48ec97b24306872ebb0
- name: github.com/pkg/errors
  version: a22138067af1c4942683050411a841ade67fe1eb
- name: github.com/pkg/sftp
  version: 314a5ccb89b21e053d7d96c3a706eacaf2b18231
- name: github.com/PuerkitoBio/purell
  version: 8a290539e2e8629dbc4e6bad948158f790ec31f4
- name: github.com/PuerkitoBio/urlesc
  version: 5bd2802263f21d8788851d5305584c82a5c75d7e
- name: github.com/russross/blackfriday
  version: 067529f716f4c3f5e37c8c95ddd59df1007290ae
- name: github.com/samalba/dockerclient
  version: f661dd4754aa5c52da85d04b5871ee0e11f4b59c
- name: github.com/spf13/afero
  version: b28a7effac979219c2a2ed6205a4d70e4b1bcd02
  subpackages:
  - mem
- name: github.com/spf13/cast
  version: acbeb36b902d72a7a4c18e8f3241075e7ab763e4
- name: github.com/spf13/cobra
  version: 715f41bd7a70b5111f898b71ab484da52ee6266d
- name: github.com/spf13/jwalterweatherman
  version: 0efa5202c04663c757d84f90f5219c1250baf94f
- name: github.com/spf13/pflag
  version: e57e3eeb33f795204c1ca35f56c44f83227c6e66
- name: github.com/spf13/viper
  version: c1de95864d73a5465492829d7cb2dd422b19ac96
- name: github.com/ugorji/go
  version: ded73eae5db7e7a0ef6f55aace87a2873c5d2b74
  subpackages:
  - codec
- name: golang.org/x/crypto
  version: 51714a8c4ac1764f07ab4127d7f739351ced4759
  subpackages:
  - curve25519
  - ed25519
  - ed25519/internal/edwards25519
  - ssh
  - ssh/terminal
- name: golang.org/x/net
  version: 4f2fc6c1e69d41baf187332ee08fbd2b296f21ed
  subpackages:
  - context
  - context/ctxhttp
  - http2
  - http2/hpack
  - idna
- name: golang.org/x/sys
  version: d9157a9621b69ad1d8d77a1933590c416593f24f
  subpackages:
  - unix
  - windows/registry
- name: golang.org/x/text
  version: 2910a502d2bf9e43193af9d68ca516529614eed3
  subpackages:
  - cases
  - encoding
  - encoding/internal
  - encoding/internal/identifier
  - encoding/unicode
  - internal/tag
  - internal/utf8internal
  - language
  - runes
  - secure/bidirule
  - secure/precis
  - transform
  - unicode/bidi
  - unicode/norm
  - width
- name: gopkg.in/cheggaaa/pb.v1
  version: dd61faab99a777c652bb680e37715fe0cb549856
- name: gopkg.in/inf.v0
  version: 3887ee99ecf07df5b447e9b00d9c0b2adaa9f3e4
- name: gopkg.in/yaml.v2
  version: 3b4ad1db5b2a649883ff3782f5f9f6fb52be71af
- name: k8s.io/api
  version: 4d5cc6efc5e84aa19fb1bd3f911c16a6723c1bb7
  subpackages:
  - admissionregistration/v1alpha1
  - apps/v1beta1
  - authentication/v1
  - authentication/v1beta1
  - authorization/v1
  - authorization/v1beta1
  - autoscaling/v1
  - autoscaling/v2alpha1
  - batch/v1
  - batch/v2alpha1
  - certificates/v1beta1
  - core/v1
  - extensions/v1beta1
  - imagepolicy/v1alpha1
  - networking/v1
  - policy/v1beta1
  - rbac/v1alpha1
  - rbac/v1beta1
  - settings/v1alpha1
  - storage/v1
  - storage/v1beta1
- name: k8s.io/apimachinery
  version: 6134cb2da6d90597b0434e349f90f94fafc9ae51
  subpackages:
  - pkg/api/equality
  - pkg/api/errors
  - pkg/api/meta
  - pkg/api/resource
  - pkg/apis/meta/v1
  - pkg/apis/meta/v1/unstructured
  - pkg/apis/meta/v1alpha1
  - pkg/conversion
  - pkg/conversion/queryparams
  - pkg/conversion/unstructured
  - pkg/fields
  - pkg/labels
  - pkg/openapi
  - pkg/runtime
  - pkg/runtime/schema
  - pkg/runtime/serializer
  - pkg/runtime/serializer/json
  - pkg/runtime/serializer/protobuf
  - pkg/runtime/serializer/recognizer
  - pkg/runtime/serializer/streaming
  - pkg/runtime/serializer/versioning
  - pkg/selection
  - pkg/types
  - pkg/util/clock
  - pkg/util/diff
  - pkg/util/errors
  - pkg/util/framer
  - pkg/util/intstr
  - pkg/util/json
  - pkg/util/net
  - pkg/util/runtime
  - pkg/util/sets
  - pkg/util/validation
  - pkg/util/validation/field
  - pkg/util/wait
  - pkg/util/yaml
  - pkg/version
  - pkg/watch
  - third_party/forked/golang/reflect
- name: k8s.io/client-go
  version: 7c69e980210777a6292351ac6873de083526f08e
  subpackages:
  - discovery
  - kubernetes
  - kubernetes/scheme
  - kubernetes/typed/admissionregistration/v1alpha1
  - kubernetes/typed/apps/v1beta1
  - kubernetes/typed/authentication/v1
  - kubernetes/typed/authentication/v1beta1
  - kubernetes/typed/authorization/v1
  - kubernetes/typed/authorization/v1beta1
  - kubernetes/typed/autoscaling/v1
  - kubernetes/typed/autoscaling/v2alpha1
  - kubernetes/typed/batch/v1
  - kubernetes/typed/batch/v2alpha1
  - kubernetes/typed/certificates/v1beta1
  - kubernetes/typed/core/v1
  - kubernetes/typed/extensions/v1beta1
  - kubernetes/typed/networking/v1
  - kubernetes/typed/policy/v1beta1
  - kubernetes/typed/rbac/v1alpha1
  - kubernetes/typed/rbac/v1beta1
  - kubernetes/typed/settings/v1alpha1
  - kubernetes/typed/storage/v1
  - kubernetes/typed/storage/v1beta1
  - pkg/api/v1
  - pkg/api/v1/ref
  - pkg/version
  - rest
  - rest/watch
  - tools/auth
  - tools/clientcmd
  - tools/clientcmd/api
  - tools/clientcmd/api/latest
  - tools/clientcmd/api/v1
  - tools/metrics
  - transport
  - util/cert
  - util/flowcontrol
  - util/homedir
  - util/integer
- name: k8s.io/kubernetes
  version: d3ada0119e776222f11ec7945e6d860061339aad
  subpackages:
  - cmd/kube-apiserver/app
  - cmd/kube-apiserver/app/options
  - cmd/kube-apiserver/app/preflight
  - cmd/kube-controller-manager/app
  - cmd/kube-controller-manager/app/options
  - cmd/kube-proxy/app
  - cmd/kubeadm/app/apis/kubeadm
  - cmd/kubeadm/app/constants
  - cmd/kubelet/app
  - cmd/kubelet/app/options
  - federation/apis/federation
  - federation/apis/federation/install
  - federation/apis/federation/v1beta1
  - federation/client/clientset_generated/federation_internalclientset
  - federation/client/clientset_generated/federation_internalclientset/scheme
  - federation/client/clientset_generated/federation_internalclientset/typed/autoscaling/internalversion
  - federation/client/clientset_generated/federation_internalclientset/typed/batch/internalversion
  - federation/client/clientset_generated/federation_internalclientset/typed/core/internalversion
  - federation/client/clientset_generated/federation_internalclientset/typed/extensions/internalversion
  - federation/client/clientset_generated/federation_internalclientset/typed/federation/internalversion
  - pkg/api
  - pkg/api/endpoints
  - pkg/api/events
  - pkg/api/helper
  - pkg/api/helper/qos
  - pkg/api/install
  - pkg/api/persistentvolume
  - pkg/api/pod
  - pkg/api/ref
  - pkg/api/resource
  - pkg/api/service
  - pkg/api/util
  - pkg/api/v1
  - pkg/api/v1/endpoints
  - pkg/api/v1/helper
  - pkg/api/v1/helper/qos
  - pkg/api/v1/node
  - pkg/api/v1/pod
  - pkg/api/v1/ref
  - pkg/api/v1/resource
  - pkg/api/v1/service
  - pkg/api/v1/validation
  - pkg/api/validation
  - pkg/apis/abac
  - pkg/apis/abac/latest
  - pkg/apis/abac/v0
  - pkg/apis/abac/v1beta1
  - pkg/apis/admission
  - pkg/apis/admission/install
  - pkg/apis/admission/v1alpha1
  - pkg/apis/admissionregistration
  - pkg/apis/admissionregistration/install
  - pkg/apis/admissionregistration/v1alpha1
  - pkg/apis/admissionregistration/validation
  - pkg/apis/apps
  - pkg/apis/apps/install
  - pkg/apis/apps/v1beta1
  - pkg/apis/apps/validation
  - pkg/apis/authentication
  - pkg/apis/authentication/install
  - pkg/apis/authentication/v1
  - pkg/apis/authentication/v1beta1
  - pkg/apis/authorization
  - pkg/apis/authorization/install
  - pkg/apis/authorization/v1
  - pkg/apis/authorization/v1beta1
  - pkg/apis/authorization/validation
  - pkg/apis/autoscaling
  - pkg/apis/autoscaling/install
  - pkg/apis/autoscaling/v1
  - pkg/apis/autoscaling/v2alpha1
  - pkg/apis/autoscaling/validation
  - pkg/apis/batch
  - pkg/apis/batch/install
  - pkg/apis/batch/v1
  - pkg/apis/batch/v2alpha1
  - pkg/apis/batch/validation
  - pkg/apis/certificates
  - pkg/apis/certificates/install
  - pkg/apis/certificates/v1beta1
  - pkg/apis/certificates/validation
  - pkg/apis/componentconfig
  - pkg/apis/componentconfig/install
  - pkg/apis/componentconfig/v1alpha1
  - pkg/apis/extensions
  - pkg/apis/extensions/install
  - pkg/apis/extensions/v1beta1
  - pkg/apis/extensions/validation
  - pkg/apis/imagepolicy
  - pkg/apis/imagepolicy/install
  - pkg/apis/imagepolicy/v1alpha1
  - pkg/apis/networking
  - pkg/apis/networking/install
  - pkg/apis/networking/v1
  - pkg/apis/networking/validation
  - pkg/apis/policy
  - pkg/apis/policy/install
  - pkg/apis/policy/v1beta1
  - pkg/apis/policy/validation
  - pkg/apis/rbac
  - pkg/apis/rbac/install
  - pkg/apis/rbac/v1alpha1
  - pkg/apis/rbac/v1beta1
  - pkg/apis/rbac/validation
  - pkg/apis/settings
  - pkg/apis/settings/install
  - pkg/apis/settings/v1alpha1
  - pkg/apis/settings/validation
  - pkg/apis/storage
  - pkg/apis/storage/install
  - pkg/apis/storage/util
  - pkg/apis/storage/v1
  - pkg/apis/storage/v1beta1
  - pkg/apis/storage/validation
  - pkg/auth/authorizer/abac
  - pkg/auth/nodeidentifier
  - pkg/bootstrap/api
  - pkg/capabilities
  - pkg/client/chaosclient
  - pkg/client/clientset_generated/clientset
  - pkg/client/clientset_generated/clientset/scheme
  - pkg/client/clientset_generated/clientset/typed/admissionregistration/v1alpha1
  - pkg/client/clientset_generated/clientset/typed/apps/v1beta1
  - pkg/client/clientset_generated/clientset/typed/authentication/v1
  - pkg/client/clientset_generated/clientset/typed/authentication/v1beta1
  - pkg/client/clientset_generated/clientset/typed/authorization/v1
  - pkg/client/clientset_generated/clientset/typed/authorization/v1beta1
  - pkg/client/clientset_generated/clientset/typed/autoscaling/v1
  - pkg/client/clientset_generated/clientset/typed/autoscaling/v2alpha1
  - pkg/client/clientset_generated/clientset/typed/batch/v1
  - pkg/client/clientset_generated/clientset/typed/batch/v2alpha1
  - pkg/client/clientset_generated/clientset/typed/certificates/v1beta1
  - pkg/client/clientset_generated/clientset/typed/core/v1
  - pkg/client/clientset_generated/clientset/typed/extensions/v1beta1
  - pkg/client/clientset_generated/clientset/typed/networking/v1
  - pkg/client/clientset_generated/clientset/typed/policy/v1beta1
  - pkg/client/clientset_generated/clientset/typed/rbac/v1alpha1
  - pkg/client/clientset_generated/clientset/typed/rbac/v1beta1
  - pkg/client/clientset_generated/clientset/typed/settings/v1alpha1
  - pkg/client/clientset_generated/clientset/typed/storage/v1
  - pkg/client/clientset_generated/clientset/typed/storage/v1beta1
  - pkg/client/clientset_generated/internalclientset
  - pkg/client/clientset_generated/internalclientset/scheme
  - pkg/client/clientset_generated/internalclientset/typed/admissionregistration/internalversion
  - pkg/client/clientset_generated/internalclientset/typed/apps/internalversion
  - pkg/client/clientset_generated/internalclientset/typed/authentication/internalversion
  - pkg/client/clientset_generated/internalclientset/typed/authorization/internalversion
  - pkg/client/clientset_generated/internalclientset/typed/autoscaling/internalversion
  - pkg/client/clientset_generated/internalclientset/typed/batch/internalversion
  - pkg/client/clientset_generated/internalclientset/typed/certificates/internalversion
  - pkg/client/clientset_generated/internalclientset/typed/core/internalversion
  - pkg/client/clientset_generated/internalclientset/typed/extensions/internalversion
  - pkg/client/clientset_generated/internalclientset/typed/networking/internalversion
  - pkg/client/clientset_generated/internalclientset/typed/policy/internalversion
  - pkg/client/clientset_generated/internalclientset/typed/rbac/internalversion
  - pkg/client/clientset_generated/internalclientset/typed/settings/internalversion
  - pkg/client/clientset_generated/internalclientset/typed/storage/internalversion
  - pkg/client/informers/informers_generated/externalversions
  - pkg/client/informers/informers_generated/externalversions/admissionregistration
  - pkg/client/informers/informers_generated/externalversions/admissionregistration/v1alpha1
  - pkg/client/informers/informers_generated/externalversions/apps
  - pkg/client/informers/informers_generated/externalversions/apps/v1beta1
  - pkg/client/informers/informers_generated/externalversions/autoscaling
  - pkg/client/informers/informers_generated/externalversions/autoscaling/v1
  - pkg/client/informers/informers_generated/externalversions/autoscaling/v2alpha1
  - pkg/client/informers/informers_generated/externalversions/batch
  - pkg/client/informers/informers_generated/externalversions/batch/v1
  - pkg/client/informers/informers_generated/externalversions/batch/v2alpha1
  - pkg/client/informers/informers_generated/externalversions/certificates
  - pkg/client/informers/informers_generated/externalversions/certificates/v1beta1
  - pkg/client/informers/informers_generated/externalversions/core
  - pkg/client/informers/informers_generated/externalversions/core/v1
  - pkg/client/informers/informers_generated/externalversions/extensions
  - pkg/client/informers/informers_generated/externalversions/extensions/v1beta1
  - pkg/client/informers/informers_generated/externalversions/internalinterfaces
  - pkg/client/informers/informers_generated/externalversions/networking
  - pkg/client/informers/informers_generated/externalversions/networking/v1
  - pkg/client/informers/informers_generated/externalversions/policy
  - pkg/client/informers/informers_generated/externalversions/policy/v1beta1
  - pkg/client/informers/informers_generated/externalversions/rbac
  - pkg/client/informers/informers_generated/externalversions/rbac/v1alpha1
  - pkg/client/informers/informers_generated/externalversions/rbac/v1beta1
  - pkg/client/informers/informers_generated/externalversions/settings
  - pkg/client/informers/informers_generated/externalversions/settings/v1alpha1
  - pkg/client/informers/informers_generated/externalversions/storage
  - pkg/client/informers/informers_generated/externalversions/storage/v1
  - pkg/client/informers/informers_generated/externalversions/storage/v1beta1
  - pkg/client/informers/informers_generated/internalversion
  - pkg/client/informers/informers_generated/internalversion/admissionregistration
  - pkg/client/informers/informers_generated/internalversion/admissionregistration/internalversion
  - pkg/client/informers/informers_generated/internalversion/apps
  - pkg/client/informers/informers_generated/internalversion/apps/internalversion
  - pkg/client/informers/informers_generated/internalversion/autoscaling
  - pkg/client/informers/informers_generated/internalversion/autoscaling/internalversion
  - pkg/client/informers/informers_generated/internalversion/batch
  - pkg/client/informers/informers_generated/internalversion/batch/internalversion
  - pkg/client/informers/informers_generated/internalversion/certificates
  - pkg/client/informers/informers_generated/internalversion/certificates/internalversion
  - pkg/client/informers/informers_generated/internalversion/core
  - pkg/client/informers/informers_generated/internalversion/core/internalversion
  - pkg/client/informers/informers_generated/internalversion/extensions
  - pkg/client/informers/informers_generated/internalversion/extensions/internalversion
  - pkg/client/informers/informers_generated/internalversion/internalinterfaces
  - pkg/client/informers/informers_generated/internalversion/networking
  - pkg/client/informers/informers_generated/internalversion/networking/internalversion
  - pkg/client/informers/informers_generated/internalversion/policy
  - pkg/client/informers/informers_generated/internalversion/policy/internalversion
  - pkg/client/informers/informers_generated/internalversion/rbac
  - pkg/client/informers/informers_generated/internalversion/rbac/internalversion
  - pkg/client/informers/informers_generated/internalversion/settings
  - pkg/client/informers/informers_generated/internalversion/settings/internalversion
  - pkg/client/informers/informers_generated/internalversion/storage
  - pkg/client/informers/informers_generated/internalversion/storage/internalversion
  - pkg/client/leaderelection
  - pkg/client/leaderelection/resourcelock
  - pkg/client/listers/admissionregistration/internalversion
  - pkg/client/listers/admissionregistration/v1alpha1
  - pkg/client/listers/apps/internalversion
  - pkg/client/listers/apps/v1beta1
  - pkg/client/listers/autoscaling/internalversion
  - pkg/client/listers/autoscaling/v1
  - pkg/client/listers/autoscaling/v2alpha1
  - pkg/client/listers/batch/internalversion
  - pkg/client/listers/batch/v1
  - pkg/client/listers/batch/v2alpha1
  - pkg/client/listers/certificates/internalversion
  - pkg/client/listers/certificates/v1beta1
  - pkg/client/listers/core/internalversion
  - pkg/client/listers/core/v1
  - pkg/client/listers/extensions/internalversion
  - pkg/client/listers/extensions/v1beta1
  - pkg/client/listers/networking/internalversion
  - pkg/client/listers/networking/v1
  - pkg/client/listers/policy/internalversion
  - pkg/client/listers/policy/v1beta1
  - pkg/client/listers/rbac/internalversion
  - pkg/client/listers/rbac/v1alpha1
  - pkg/client/listers/rbac/v1beta1
  - pkg/client/listers/settings/internalversion
  - pkg/client/listers/settings/v1alpha1
  - pkg/client/listers/storage/internalversion
  - pkg/client/listers/storage/v1
  - pkg/client/listers/storage/v1beta1
  - pkg/client/retry
  - pkg/client/unversioned
  - pkg/cloudprovider
  - pkg/cloudprovider/providers
  - pkg/cloudprovider/providers/aws
  - pkg/cloudprovider/providers/azure
  - pkg/cloudprovider/providers/cloudstack
  - pkg/cloudprovider/providers/gce
  - pkg/cloudprovider/providers/mesos
  - pkg/cloudprovider/providers/openstack
  - pkg/cloudprovider/providers/ovirt
  - pkg/cloudprovider/providers/photon
  - pkg/cloudprovider/providers/rackspace
  - pkg/cloudprovider/providers/vsphere
  - pkg/controller
  - pkg/controller/bootstrap
  - pkg/controller/certificates
  - pkg/controller/certificates/approver
  - pkg/controller/certificates/signer
  - pkg/controller/cronjob
  - pkg/controller/daemon
  - pkg/controller/daemon/util
  - pkg/controller/deployment
  - pkg/controller/deployment/util
  - pkg/controller/disruption
  - pkg/controller/endpoint
  - pkg/controller/garbagecollector
  - pkg/controller/garbagecollector/metaonly
  - pkg/controller/history
  - pkg/controller/job
  - pkg/controller/namespace
  - pkg/controller/namespace/deletion
  - pkg/controller/node
  - pkg/controller/podautoscaler
  - pkg/controller/podautoscaler/metrics
  - pkg/controller/podgc
  - pkg/controller/replicaset
  - pkg/controller/replication
  - pkg/controller/resourcequota
  - pkg/controller/route
  - pkg/controller/service
  - pkg/controller/serviceaccount
  - pkg/controller/statefulset
  - pkg/controller/ttl
  - pkg/controller/volume/attachdetach
  - pkg/controller/volume/attachdetach/cache
  - pkg/controller/volume/attachdetach/populator
  - pkg/controller/volume/attachdetach/reconciler
  - pkg/controller/volume/attachdetach/statusupdater
  - pkg/controller/volume/attachdetach/util
  - pkg/controller/volume/events
  - pkg/controller/volume/persistentvolume
  - pkg/credentialprovider
  - pkg/credentialprovider/aws
  - pkg/credentialprovider/azure
  - pkg/credentialprovider/gcp
  - pkg/credentialprovider/rancher
  - pkg/features
  - pkg/fieldpath
  - pkg/generated/openapi
  - pkg/kubeapiserver
  - pkg/kubeapiserver/admission
  - pkg/kubeapiserver/admission/configuration
  - pkg/kubeapiserver/authenticator
  - pkg/kubeapiserver/authorizer
  - pkg/kubeapiserver/authorizer/modes
  - pkg/kubeapiserver/options
  - pkg/kubeapiserver/server
  - pkg/kubectl
  - pkg/kubectl/cmd/util
  - pkg/kubectl/cmd/util/openapi
  - pkg/kubectl/plugins
  - pkg/kubectl/resource
  - pkg/kubectl/util
  - pkg/kubelet
  - pkg/kubelet/apis
  - pkg/kubelet/apis/cri
  - pkg/kubelet/apis/cri/v1alpha1/runtime
  - pkg/kubelet/apis/stats/v1alpha1
  - pkg/kubelet/cadvisor
  - pkg/kubelet/certificate
  - pkg/kubelet/client
  - pkg/kubelet/cm
  - pkg/kubelet/cm/util
  - pkg/kubelet/config
  - pkg/kubelet/configmap
  - pkg/kubelet/container
  - pkg/kubelet/dockershim
  - pkg/kubelet/dockershim/cm
  - pkg/kubelet/dockershim/errors
  - pkg/kubelet/dockershim/libdocker
  - pkg/kubelet/dockershim/remote
  - pkg/kubelet/dockershim/securitycontext
  - pkg/kubelet/envvars
  - pkg/kubelet/events
  - pkg/kubelet/eviction
  - pkg/kubelet/eviction/api
  - pkg/kubelet/gpu
  - pkg/kubelet/gpu/nvidia
  - pkg/kubelet/images
  - pkg/kubelet/kuberuntime
  - pkg/kubelet/leaky
  - pkg/kubelet/lifecycle
  - pkg/kubelet/metrics
  - pkg/kubelet/network
  - pkg/kubelet/network/cni
  - pkg/kubelet/network/hairpin
  - pkg/kubelet/network/hostport
  - pkg/kubelet/network/kubenet
  - pkg/kubelet/pleg
  - pkg/kubelet/pod
  - pkg/kubelet/preemption
  - pkg/kubelet/prober
  - pkg/kubelet/prober/results
  - pkg/kubelet/qos
  - pkg/kubelet/remote
  - pkg/kubelet/rkt
  - pkg/kubelet/secret
  - pkg/kubelet/server
  - pkg/kubelet/server/portforward
  - pkg/kubelet/server/remotecommand
  - pkg/kubelet/server/stats
  - pkg/kubelet/server/streaming
  - pkg/kubelet/status
  - pkg/kubelet/sysctl
  - pkg/kubelet/types
  - pkg/kubelet/util
  - pkg/kubelet/util/cache
  - pkg/kubelet/util/csr
  - pkg/kubelet/util/format
  - pkg/kubelet/util/ioutils
  - pkg/kubelet/util/queue
  - pkg/kubelet/util/sliceutils
  - pkg/kubelet/volumemanager
  - pkg/kubelet/volumemanager/cache
  - pkg/kubelet/volumemanager/populator
  - pkg/kubelet/volumemanager/reconciler
  - pkg/master
  - pkg/master/ports
  - pkg/master/thirdparty
  - pkg/master/tunneler
  - pkg/printers
  - pkg/printers/internalversion
  - pkg/printers/storage
  - pkg/probe
  - pkg/probe/exec
  - pkg/probe/http
  - pkg/probe/tcp
  - pkg/proxy
  - pkg/proxy/config
  - pkg/proxy/healthcheck
  - pkg/proxy/iptables
  - pkg/proxy/userspace
  - pkg/proxy/util
  - pkg/proxy/winuserspace
  - pkg/quota
  - pkg/quota/evaluator/core
  - pkg/quota/generic
  - pkg/quota/install
  - pkg/registry/admissionregistration/externaladmissionhookconfiguration
  - pkg/registry/admissionregistration/externaladmissionhookconfiguration/storage
  - pkg/registry/admissionregistration/initializerconfiguration
  - pkg/registry/admissionregistration/initializerconfiguration/storage
  - pkg/registry/admissionregistration/rest
  - pkg/registry/apps/controllerrevision
  - pkg/registry/apps/controllerrevision/storage
  - pkg/registry/apps/rest
  - pkg/registry/apps/statefulset
  - pkg/registry/apps/statefulset/storage
  - pkg/registry/authentication/rest
  - pkg/registry/authentication/tokenreview
  - pkg/registry/authorization/localsubjectaccessreview
  - pkg/registry/authorization/rest
  - pkg/registry/authorization/selfsubjectaccessreview
  - pkg/registry/authorization/subjectaccessreview
  - pkg/registry/authorization/util
  - pkg/registry/autoscaling/horizontalpodautoscaler
  - pkg/registry/autoscaling/horizontalpodautoscaler/storage
  - pkg/registry/autoscaling/rest
  - pkg/registry/batch/cronjob
  - pkg/registry/batch/cronjob/storage
  - pkg/registry/batch/job
  - pkg/registry/batch/job/storage
  - pkg/registry/batch/rest
  - pkg/registry/cachesize
  - pkg/registry/certificates/certificates
  - pkg/registry/certificates/certificates/storage
  - pkg/registry/certificates/rest
  - pkg/registry/core/componentstatus
  - pkg/registry/core/configmap
  - pkg/registry/core/configmap/storage
  - pkg/registry/core/endpoint
  - pkg/registry/core/endpoint/storage
  - pkg/registry/core/event
  - pkg/registry/core/event/storage
  - pkg/registry/core/limitrange
  - pkg/registry/core/limitrange/storage
  - pkg/registry/core/namespace
  - pkg/registry/core/namespace/storage
  - pkg/registry/core/node
  - pkg/registry/core/node/rest
  - pkg/registry/core/node/storage
  - pkg/registry/core/persistentvolume
  - pkg/registry/core/persistentvolume/storage
  - pkg/registry/core/persistentvolumeclaim
  - pkg/registry/core/persistentvolumeclaim/storage
  - pkg/registry/core/pod
  - pkg/registry/core/pod/rest
  - pkg/registry/core/pod/storage
  - pkg/registry/core/podtemplate
  - pkg/registry/core/podtemplate/storage
  - pkg/registry/core/rangeallocation
  - pkg/registry/core/replicationcontroller
  - pkg/registry/core/replicationcontroller/storage
  - pkg/registry/core/resourcequota
  - pkg/registry/core/resourcequota/storage
  - pkg/registry/core/rest
  - pkg/registry/core/secret
  - pkg/registry/core/secret/storage
  - pkg/registry/core/service
  - pkg/registry/core/service/allocator
  - pkg/registry/core/service/allocator/storage
  - pkg/registry/core/service/ipallocator
  - pkg/registry/core/service/ipallocator/controller
  - pkg/registry/core/service/portallocator
  - pkg/registry/core/service/portallocator/controller
  - pkg/registry/core/service/storage
  - pkg/registry/core/serviceaccount
  - pkg/registry/core/serviceaccount/storage
  - pkg/registry/extensions/controller/storage
  - pkg/registry/extensions/daemonset
  - pkg/registry/extensions/daemonset/storage
  - pkg/registry/extensions/deployment
  - pkg/registry/extensions/deployment/storage
  - pkg/registry/extensions/ingress
  - pkg/registry/extensions/ingress/storage
  - pkg/registry/extensions/networkpolicy
  - pkg/registry/extensions/networkpolicy/storage
  - pkg/registry/extensions/podsecuritypolicy
  - pkg/registry/extensions/podsecuritypolicy/storage
  - pkg/registry/extensions/replicaset
  - pkg/registry/extensions/replicaset/storage
  - pkg/registry/extensions/rest
  - pkg/registry/extensions/thirdpartyresource
  - pkg/registry/extensions/thirdpartyresource/storage
  - pkg/registry/extensions/thirdpartyresourcedata
  - pkg/registry/extensions/thirdpartyresourcedata/storage
  - pkg/registry/networking/networkpolicy
  - pkg/registry/networking/networkpolicy/storage
  - pkg/registry/networking/rest
  - pkg/registry/policy/poddisruptionbudget
  - pkg/registry/policy/poddisruptionbudget/storage
  - pkg/registry/policy/rest
  - pkg/registry/rbac
  - pkg/registry/rbac/clusterrole
  - pkg/registry/rbac/clusterrole/policybased
  - pkg/registry/rbac/clusterrole/storage
  - pkg/registry/rbac/clusterrolebinding
  - pkg/registry/rbac/clusterrolebinding/policybased
  - pkg/registry/rbac/clusterrolebinding/storage
  - pkg/registry/rbac/reconciliation
  - pkg/registry/rbac/rest
  - pkg/registry/rbac/role
  - pkg/registry/rbac/role/policybased
  - pkg/registry/rbac/role/storage
  - pkg/registry/rbac/rolebinding
  - pkg/registry/rbac/rolebinding/policybased
  - pkg/registry/rbac/rolebinding/storage
  - pkg/registry/rbac/validation
  - pkg/registry/settings/podpreset
  - pkg/registry/settings/podpreset/storage
  - pkg/registry/settings/rest
  - pkg/registry/storage/rest
  - pkg/registry/storage/storageclass
  - pkg/registry/storage/storageclass/storage
  - pkg/routes
  - pkg/security/apparmor
  - pkg/security/podsecuritypolicy
  - pkg/security/podsecuritypolicy/apparmor
  - pkg/security/podsecuritypolicy/capabilities
  - pkg/security/podsecuritypolicy/group
  - pkg/security/podsecuritypolicy/seccomp
  - pkg/security/podsecuritypolicy/selinux
  - pkg/security/podsecuritypolicy/sysctl
  - pkg/security/podsecuritypolicy/user
  - pkg/security/podsecuritypolicy/util
  - pkg/securitycontext
  - pkg/serviceaccount
  - pkg/ssh
  - pkg/util
  - pkg/util/async
  - pkg/util/bandwidth
  - pkg/util/config
  - pkg/util/configz
  - pkg/util/dbus
  - pkg/util/ebtables
  - pkg/util/env
  - pkg/util/exec
  - pkg/util/flock
  - pkg/util/goroutinemap
  - pkg/util/goroutinemap/exponentialbackoff
  - pkg/util/hash
  - pkg/util/interrupt
  - pkg/util/io
  - pkg/util/ipconfig
  - pkg/util/iptables
  - pkg/util/keymutex
  - pkg/util/labels
  - pkg/util/limitwriter
  - pkg/util/maps
  - pkg/util/metrics
  - pkg/util/mount
  - pkg/util/net/sets
  - pkg/util/netsh
  - pkg/util/node
  - pkg/util/oom
  - pkg/util/parsers
  - pkg/util/procfs
  - pkg/util/removeall
  - pkg/util/resourcecontainer
  - pkg/util/rlimit
  - pkg/util/selinux
  - pkg/util/slice
  - pkg/util/strings
  - pkg/util/sysctl
  - pkg/util/system
  - pkg/util/tail
  - pkg/util/taints
  - pkg/util/term
  - pkg/util/tolerations
  - pkg/util/version
  - pkg/util/workqueue/prometheus
  - pkg/version
  - pkg/version/verflag
  - pkg/volume
  - pkg/volume/aws_ebs
  - pkg/volume/azure_dd
  - pkg/volume/azure_file
  - pkg/volume/cephfs
  - pkg/volume/cinder
  - pkg/volume/configmap
  - pkg/volume/downwardapi
  - pkg/volume/empty_dir
  - pkg/volume/fc
  - pkg/volume/flexvolume
  - pkg/volume/flocker
  - pkg/volume/gce_pd
  - pkg/volume/git_repo
  - pkg/volume/glusterfs
  - pkg/volume/host_path
  - pkg/volume/iscsi
  - pkg/volume/local
  - pkg/volume/nfs
  - pkg/volume/photon_pd
  - pkg/volume/portworx
  - pkg/volume/projected
  - pkg/volume/quobyte
  - pkg/volume/rbd
  - pkg/volume/scaleio
  - pkg/volume/secret
  - pkg/volume/storageos
  - pkg/volume/util
  - pkg/volume/util/nestedpendingoperations
  - pkg/volume/util/operationexecutor
  - pkg/volume/util/types
  - pkg/volume/util/volumehelper
  - pkg/volume/validation
  - pkg/volume/vsphere_volume
  - plugin/cmd/kube-scheduler/app
  - plugin/cmd/kube-scheduler/app/options
  - plugin/pkg/admission/admit
  - plugin/pkg/admission/alwayspullimages
  - plugin/pkg/admission/antiaffinity
  - plugin/pkg/admission/defaulttolerationseconds
  - plugin/pkg/admission/deny
  - plugin/pkg/admission/exec
  - plugin/pkg/admission/gc
  - plugin/pkg/admission/imagepolicy
  - plugin/pkg/admission/initialization
  - plugin/pkg/admission/initialresources
  - plugin/pkg/admission/limitranger
  - plugin/pkg/admission/namespace/autoprovision
  - plugin/pkg/admission/namespace/exists
  - plugin/pkg/admission/noderestriction
  - plugin/pkg/admission/persistentvolume/label
  - plugin/pkg/admission/podnodeselector
  - plugin/pkg/admission/podpreset
  - plugin/pkg/admission/podtolerationrestriction
  - plugin/pkg/admission/podtolerationrestriction/apis/podtolerationrestriction
  - plugin/pkg/admission/podtolerationrestriction/apis/podtolerationrestriction/install
  - plugin/pkg/admission/podtolerationrestriction/apis/podtolerationrestriction/v1alpha1
  - plugin/pkg/admission/podtolerationrestriction/apis/podtolerationrestriction/validation
  - plugin/pkg/admission/resourcequota
  - plugin/pkg/admission/resourcequota/apis/resourcequota
  - plugin/pkg/admission/resourcequota/apis/resourcequota/install
  - plugin/pkg/admission/resourcequota/apis/resourcequota/v1alpha1
  - plugin/pkg/admission/resourcequota/apis/resourcequota/validation
  - plugin/pkg/admission/security/podsecuritypolicy
  - plugin/pkg/admission/securitycontext/scdeny
  - plugin/pkg/admission/serviceaccount
  - plugin/pkg/admission/storageclass/setdefault
  - plugin/pkg/admission/webhook
  - plugin/pkg/auth/authenticator/token/bootstrap
  - plugin/pkg/auth/authorizer/node
  - plugin/pkg/auth/authorizer/rbac
  - plugin/pkg/auth/authorizer/rbac/bootstrappolicy
  - plugin/pkg/scheduler
  - plugin/pkg/scheduler/algorithm
  - plugin/pkg/scheduler/algorithm/predicates
  - plugin/pkg/scheduler/algorithm/priorities
  - plugin/pkg/scheduler/algorithm/priorities/util
  - plugin/pkg/scheduler/algorithmprovider
  - plugin/pkg/scheduler/algorithmprovider/defaults
  - plugin/pkg/scheduler/api
  - plugin/pkg/scheduler/api/latest
  - plugin/pkg/scheduler/api/v1
  - plugin/pkg/scheduler/api/validation
  - plugin/pkg/scheduler/core
  - plugin/pkg/scheduler/factory
  - plugin/pkg/scheduler/metrics
  - plugin/pkg/scheduler/schedulercache
  - plugin/pkg/scheduler/util
  - third_party/forked/golang/expansion
  - third_party/forked/gonum/graph
  - third_party/forked/gonum/graph/internal/linear
  - third_party/forked/gonum/graph/simple
  - third_party/forked/gonum/graph/traverse
- name: k8s.io/minikube
  version: 9e8ef22e931f43593597a7089e9f297e459958bf
  subpackages:
  - cmd/minikube/cmd/config
  - cmd/util
  - pkg/minikube/assets
  - pkg/minikube/cluster
  - pkg/minikube/config
  - pkg/minikube/constants
  - pkg/minikube/kubernetes_versions
  - pkg/minikube/machine
  - pkg/minikube/machine/drivers/none
  - pkg/minikube/service
  - pkg/minikube/sshutil
  - pkg/minikube/storageclass
  - pkg/provision
  - pkg/util
  - pkg/util/kubeconfig
  - pkg/version
testImports: []
